
Microsoft Visual Studio Solution File, Format Version 12.00
# Visual Studio Version 16
VisualStudioVersion = 16.0.31005.135
MinimumVisualStudioVersion = 10.0.40219.1
Project("{FAE04EC0-301F-11D3-BF4B-00C04F79EFBC}") = "EjercicioInformacionFinaciera", "EjercicioInformacionFinaciera\EjercicioInformacionFinaciera.csproj", "{EBCF1981-2AC6-4957-B2E7-A362C6922B47}"
EndProject
Global
	GlobalSection(SolutionConfigurationPlatforms) = preSolution
		Debug|Any CPU = Debug|Any CPU
		Release|Any CPU = Release|Any CPU
	EndGlobalSection
	GlobalSection(ProjectConfigurationPlatforms) = postSolution
		{EBCF1981-2AC6-4957-B2E7-A362C6922B47}.Debug|Any CPU.ActiveCfg = Debug|Any CPU
		{EBCF1981-2AC6-4957-B2E7-A362C6922B47}.Debug|Any CPU.Build.0 = Debug|Any CPU
		{EBCF1981-2AC6-4957-B2E7-A362C6922B47}.Release|Any CPU.ActiveCfg = Release|Any CPU
		{EBCF1981-2AC6-4957-B2E7-A362C6922B47}.Release|Any CPU.Build.0 = Release|Any CPU
	EndGlobalSection
	GlobalSection(SolutionProperties) = preSolution
		HideSolutionNode = FALSE
	EndGlobalSection
	GlobalSection(ExtensibilityGlobals) = postSolution
		SolutionGuid = {F03E8F7B-2861-47C2-B31E-120EC92D40ED}
	EndGlobalSection
EndGlobal
